
Microsoft Visual Studio Solution File, Format Version 12.00
# Visual Studio Version 16
VisualStudioVersion = 16.6.30114.105
MinimumVisualStudioVersion = 10.0.40219.1
Project("{2150E333-8FDC-42A3-9474-1A3956D46DE8}") = "src", "src", "{755E3190-329D-4BF4-AC1D-6DD462779D23}"
EndProject
Project("{FAE04EC0-301F-11D3-BF4B-00C04F79EFBC}") = "GradeBook", "src\GradeBook\GradeBook.csproj", "{7001D891-ED04-4D4A-B6FB-EF8ED9013930}"
EndProject
Project("{2150E333-8FDC-42A3-9474-1A3956D46DE8}") = "test", "test", "{BDDAAB44-91EF-4448-A96C-85D8A240D354}"
EndProject
Project("{FAE04EC0-301F-11D3-BF4B-00C04F79EFBC}") = "GradeBook.Tests", "test\GradeBook.Tests\GradeBook.Tests.csproj", "{10BAE510-32A1-4BF7-A1E2-3C0E69ADBDF2}"
EndProject
Global
	GlobalSection(SolutionConfigurationPlatforms) = preSolution
		Debug|Any CPU = Debug|Any CPU
		Debug|x64 = Debug|x64
		Debug|x86 = Debug|x86
		Release|Any CPU = Release|Any CPU
		Release|x64 = Release|x64
		Release|x86 = Release|x86
	EndGlobalSection
	GlobalSection(SolutionProperties) = preSolution
		HideSolutionNode = FALSE
	EndGlobalSection
	GlobalSection(ProjectConfigurationPlatforms) = postSolution
		{7001D891-ED04-4D4A-B6FB-EF8ED9013930}.Debug|Any CPU.ActiveCfg = Debug|Any CPU
		{7001D891-ED04-4D4A-B6FB-EF8ED9013930}.Debug|Any CPU.Build.0 = Debug|Any CPU
		{7001D891-ED04-4D4A-B6FB-EF8ED9013930}.Debug|x64.ActiveCfg = Debug|Any CPU
		{7001D891-ED04-4D4A-B6FB-EF8ED9013930}.Debug|x64.Build.0 = Debug|Any CPU
		{7001D891-ED04-4D4A-B6FB-EF8ED9013930}.Debug|x86.ActiveCfg = Debug|Any CPU
		{7001D891-ED04-4D4A-B6FB-EF8ED9013930}.Debug|x86.Build.0 = Debug|Any CPU
		{7001D891-ED04-4D4A-B6FB-EF8ED9013930}.Release|Any CPU.ActiveCfg = Release|Any CPU
		{7001D891-ED04-4D4A-B6FB-EF8ED9013930}.Release|Any CPU.Build.0 = Release|Any CPU
		{7001D891-ED04-4D4A-B6FB-EF8ED9013930}.Release|x64.ActiveCfg = Release|Any CPU
		{7001D891-ED04-4D4A-B6FB-EF8ED9013930}.Release|x64.Build.0 = Release|Any CPU
		{7001D891-ED04-4D4A-B6FB-EF8ED9013930}.Release|x86.ActiveCfg = Release|Any CPU
		{7001D891-ED04-4D4A-B6FB-EF8ED9013930}.Release|x86.Build.0 = Release|Any CPU
		{10BAE510-32A1-4BF7-A1E2-3C0E69ADBDF2}.Debug|Any CPU.ActiveCfg = Debug|Any CPU
		{10BAE510-32A1-4BF7-A1E2-3C0E69ADBDF2}.Debug|Any CPU.Build.0 = Debug|Any CPU
		{10BAE510-32A1-4BF7-A1E2-3C0E69ADBDF2}.Debug|x64.ActiveCfg = Debug|Any CPU
		{10BAE510-32A1-4BF7-A1E2-3C0E69ADBDF2}.Debug|x64.Build.0 = Debug|Any CPU
		{10BAE510-32A1-4BF7-A1E2-3C0E69ADBDF2}.Debug|x86.ActiveCfg = Debug|Any CPU
		{10BAE510-32A1-4BF7-A1E2-3C0E69ADBDF2}.Debug|x86.Build.0 = Debug|Any CPU
		{10BAE510-32A1-4BF7-A1E2-3C0E69ADBDF2}.Release|Any CPU.ActiveCfg = Release|Any CPU
		{10BAE510-32A1-4BF7-A1E2-3C0E69ADBDF2}.Release|Any CPU.Build.0 = Release|Any CPU
		{10BAE510-32A1-4BF7-A1E2-3C0E69ADBDF2}.Release|x64.ActiveCfg = Release|Any CPU
		{10BAE510-32A1-4BF7-A1E2-3C0E69ADBDF2}.Release|x64.Build.0 = Release|Any CPU
		{10BAE510-32A1-4BF7-A1E2-3C0E69ADBDF2}.Release|x86.ActiveCfg = Release|Any CPU
		{10BAE510-32A1-4BF7-A1E2-3C0E69ADBDF2}.Release|x86.Build.0 = Release|Any CPU
	EndGlobalSection
	GlobalSection(NestedProjects) = preSolution
		{7001D891-ED04-4D4A-B6FB-EF8ED9013930} = {755E3190-329D-4BF4-AC1D-6DD462779D23}
		{10BAE510-32A1-4BF7-A1E2-3C0E69ADBDF2} = {BDDAAB44-91EF-4448-A96C-85D8A240D354}
	EndGlobalSection
EndGlobal
